
Microsoft Visual Studio Solution File, Format Version 12.00
# Visual Studio Version 17
VisualStudioVersion = 17.6.33815.320
MinimumVisualStudioVersion = 10.0.40219.1
Project("{FAE04EC0-301F-11D3-BF4B-00C04F79EFBC}") = "LMS_API", "LMS_API\LMS_API.csproj", "{A06A8673-2FA5-44A9-8D3E-7427B2264955}"
EndProject
Global
	GlobalSection(SolutionConfigurationPlatforms) = preSolution
		Debug|Any CPU = Debug|Any CPU
		Release|Any CPU = Release|Any CPU
	EndGlobalSection
	GlobalSection(ProjectConfigurationPlatforms) = postSolution
		{A06A8673-2FA5-44A9-8D3E-7427B2264955}.Debug|Any CPU.ActiveCfg = Debug|Any CPU
		{A06A8673-2FA5-44A9-8D3E-7427B2264955}.Debug|Any CPU.Build.0 = Debug|Any CPU
		{A06A8673-2FA5-44A9-8D3E-7427B2264955}.Release|Any CPU.ActiveCfg = Release|Any CPU
		{A06A8673-2FA5-44A9-8D3E-7427B2264955}.Release|Any CPU.Build.0 = Release|Any CPU
	EndGlobalSection
	GlobalSection(SolutionProperties) = preSolution
		HideSolutionNode = FALSE
	EndGlobalSection
	GlobalSection(ExtensibilityGlobals) = postSolution
		SolutionGuid = {455EDF61-0BF2-454E-84D3-F8A0F50A2627}
	EndGlobalSection
EndGlobal
