
Microsoft Visual Studio Solution File, Format Version 12.00
# Visual Studio Version 17
VisualStudioVersion = 17.6.33815.320
MinimumVisualStudioVersion = 10.0.40219.1
Project("{FAE04EC0-301F-11D3-BF4B-00C04F79EFBC}") = "LMS_WEB", "LMS_WEB\LMS_WEB.csproj", "{DCD8A706-4FA6-41E1-8DF2-CB40C9F81FE2}"
EndProject
Global
	GlobalSection(SolutionConfigurationPlatforms) = preSolution
		Debug|Any CPU = Debug|Any CPU
		Release|Any CPU = Release|Any CPU
	EndGlobalSection
	GlobalSection(ProjectConfigurationPlatforms) = postSolution
		{DCD8A706-4FA6-41E1-8DF2-CB40C9F81FE2}.Debug|Any CPU.ActiveCfg = Debug|Any CPU
		{DCD8A706-4FA6-41E1-8DF2-CB40C9F81FE2}.Debug|Any CPU.Build.0 = Debug|Any CPU
		{DCD8A706-4FA6-41E1-8DF2-CB40C9F81FE2}.Release|Any CPU.ActiveCfg = Release|Any CPU
		{DCD8A706-4FA6-41E1-8DF2-CB40C9F81FE2}.Release|Any CPU.Build.0 = Release|Any CPU
	EndGlobalSection
	GlobalSection(SolutionProperties) = preSolution
		HideSolutionNode = FALSE
	EndGlobalSection
	GlobalSection(ExtensibilityGlobals) = postSolution
		SolutionGuid = {7DB3FB53-98E6-4C43-996A-E9485239114C}
	EndGlobalSection
EndGlobal
